lockfileVersion: '9.0'

settings:
  autoInstallPeers: true
  excludeLinksFromLockfile: false

importers:

  .:
    devDependencies:
      turbo:
        specifier: ^2.5.5
        version: 2.10.12
      typescript:
        specifier: ^5.9.2
        version: 5.9.3

  packages/core:
    dependencies:
      giget:
        specifier: ^2.0.0
        version: 2.0.0
    devDependencies:
      '@types/node':
        specifier: ^24.3.0
        version: 24.13.3
      typescript:
        specifier: ^5.9.2
        version: 5.9.3

  packages/nest:
    dependencies:
      '@simbtech/si-core':
        specifier: workspace:*
        version: link:../core
      handlebars:
        specifier: ^4.7.8
        version: 4.7.9
      pluralize:
        specifier: ^8.0.0
        version: 8.0.0
    devDependencies:
      '@types/node':
        specifier: ^24.3.0
        version: 24.13.3
      '@types/pluralize':
        specifier: ^0.0.33
        version: 0.0.33
      typescript:
        specifier: ^5.9.2
        version: 5.9.3

  packages/si:
    dependencies:
      '@clack/prompts':
        specifier: ^0.11.0
        version: 0.11.0
      '@simbtech/si-core':
        specifier: workspace:*
        version: link:../core
      '@simbtech/si-nest':
        specifier: workspace:*
        version: link:../nest
      '@simbtech/si-tools':
        specifier: workspace:*
        version: link:../tools
      commander:
        specifier: ^14.0.0
        version: 14.0.3
      picocolors:
        specifier: ^1.1.1
        version: 1.1.1
    devDependencies:
      '@types/node':
        specifier: ^24.3.0
        version: 24.13.3
      typescript:
        specifier: ^5.9.2
        version: 5.9.3

  packages/tools:
    dependencies:
      '@simbtech/si-core':
        specifier: workspace:*
        version: link:../core
      handlebars:
        specifier: ^4.7.8
        version: 4.7.9
      yaml:
        specifier: ^2.8.1
        version: 2.9.0
    devDependencies:
      '@types/node':
        specifier: ^24.3.0
        version: 24.13.3
      typescript:
        specifier: ^5.9.2
        version: 5.9.3

packages:

  '@clack/core@0.5.0':
    resolution: {integrity: sha512-p3y0FIOwaYRUPRcMO7+dlmLh8PSRcrjuTndsiA0WAFbWES0mLZlrjVoBRZ9DzkPFJZG6KGkJmoEAY0ZcVWTkow==}

  '@clack/prompts@0.11.0':
    resolution: {integrity: sha512-pMN5FcrEw9hUkZA4f+zLlzivQSeQf5dRGJjSUbvVYDLvpKCdQx5OaknvKzgbtXOizhP+SJJJjqEbOe55uKKfAw==}

  '@turbo/darwin-64@2.10.12':
    resolution: {integrity: sha512-9nKgKoF6ZOUsM+or0OtNf+TTJSfGvDNP7ZFv/ZGWVwOSCkumyctQiTeHwB4UNljHTnC41AqylgbunLDHoccNrA==}
    cpu: [x64]
    os: [darwin]

  '@turbo/darwin-arm64@2.10.12':
    resolution: {integrity: sha512-H4Elb1jqTZVeIC9bbcNwjSzemZ6RegoTOVHeuV5Osirt2Z8UguTyisMEkvZjPVZgMeN9J4ERZBFad40tFnkb7w==}
    cpu: [arm64]
    os: [darwin]

  '@turbo/linux-64@2.10.12':
    resolution: {integrity: sha512-lr7KIotukvjZwEXiFSYAeOH3BWzjFVBbSzTbv0fuGFsNukYyH0+g1hB5ecqnJkgkYU+KHEMG1edOhnjiKON1wQ==}
    cpu: [x64]
    os: [android, linux]

  '@turbo/linux-arm64@2.10.12':
    resolution: {integrity: sha512-f0pZDTtvzB5SuNwuXBaKbZHUCMCukgc8nMlHEuvLmj91Fzec+MEbr3cAvGNor5htEDqZnO6Lxt9N/GPI/77oGA==}
    cpu: [arm64]
    os: [android, linux]

  '@turbo/windows-64@2.10.12':
    resolution: {integrity: sha512-SDOueJRjS/QcykWf2KCRtTLmIl5YMKsLbXkXQGhDwcTXvKXZiS5ih5lBl/gkwZIpYFjqA/rAlfMzlAFcVHNe0g==}
    cpu: [x64]
    os: [win32]

  '@turbo/windows-arm64@2.10.12':
    resolution: {integrity: sha512-0i0mVUa4kKk+/B3RwEwPMf9CB+T7ul56hn5FFHNA4VUNTOoLBEd6aNf3FaKfCatDNZ6cicCEf6if9QUTVyzzcA==}
    cpu: [arm64]
    os: [win32]

  '@types/node@24.13.3':
    resolution: {integrity: sha512-Dh8vAsV36ig5wa9OX4pXvMc9D3Veibfw2wix0CUwYODLD8nkj9UsLjASr49nPg+2eKzxhBV+v7L8pXvT4e639Q==}

  '@types/pluralize@0.0.33':
    resolution: {integrity: sha512-JOqsl+ZoCpP4e8TDke9W79FDcSgPAR0l6pixx2JHkhnRjvShyYiAYw2LVsnA7K08Y6DeOnaU6ujmENO4os/cYg==}

  citty@0.1.6:
    resolution: {integrity: sha512-tskPPKEs8D2KPafUypv2gxwJP8h/OaJmC82QQGGDQcHvXX43xF2VDACcJVmZ0EuSxkpO9Kc4MlrA3q0+FG58AQ==}

  citty@0.2.2:
    resolution: {integrity: sha512-+6vJA3L98yv+IdfKGZHBNiGW5KHn22e/JwID0Strsz8h4S/csAu/OuICwxrg44k5MRiZHWIo8XXuJgQTriRP4w==}

  commander@14.0.3:
    resolution: {integrity: sha512-H+y0Jo/T1RZ9qPP4Eh1pkcQcLRglraJaSLoyOtHxu6AapkjWVCy2Sit1QQ4x3Dng8qDlSsZEet7g5Pq06MvTgw==}
    engines: {node: '>=20'}

  consola@3.4.2:
    resolution: {integrity: sha512-5IKcdX0nnYavi6G7TtOhwkYzyjfJlatbjMjuLSfE2kYT5pMDOilZ4OvMhi637CcDICTmz3wARPoyhqyX1Y+XvA==}
    engines: {node: ^14.18.0 || >=16.10.0}

  defu@6.1.7:
    resolution: {integrity: sha512-7z22QmUWiQ/2d0KkdYmANbRUVABpZ9SNYyH5vx6PZ+nE5bcC0l7uFvEfHlyld/HcGBFTL536ClDt3DEcSlEJAQ==}

  giget@2.0.0:
    resolution: {integrity: sha512-L5bGsVkxJbJgdnwyuheIunkGatUF/zssUoxxjACCseZYAVbaqdh9Tsmmlkl8vYan09H7sbvKt4pS8GqKLBrEzA==}
    hasBin: true

  handlebars@4.7.9:
    resolution: {integrity: sha512-4E71E0rpOaQuJR2A3xDZ+GM1HyWYv1clR58tC8emQNeQe3RH7MAzSbat+V0wG78LQBo6m6bzSG/L4pBuCsgnUQ==}
    engines: {node: '>=0.4.7'}
    hasBin: true

  minimist@1.2.8:
    resolution: {integrity: sha512-2yyAR8qBkN3YuheJanUpWC5U3bb5osDywNB8RzDVlDwDHbocAJveqqj1u8+SVD7jkWT4yvsHCpWqqWqAxb0zCA==}

  neo-async@2.6.2:
    resolution: {integrity: sha512-Yd3UES5mWCSqR+qNT93S3UoYUkqAZ9lLg8a7g9rimsWmYGK8cVToA4/sF3RrshdyV3sAGMXVUmpMYOw+dLpOuw==}

  node-fetch-native@1.6.7:
    resolution: {integrity: sha512-g9yhqoedzIUm0nTnTqAQvueMPVOuIY16bqgAJJC8XOOubYFNwz6IER9qs0Gq2Xd0+CecCKFjtdDTMA4u4xG06Q==}

  nypm@0.6.9:
    resolution: {integrity: sha512-zxlE2yvSWZWmHcNdT3+5zV2lrCogeE9YOklHrR3dFjqutq5wO7GFDYLFDRXLsYnJzwvy/im9fYoxePvS0VTW0w==}
    engines: {node: '>=18'}
    hasBin: true

  pathe@2.0.3:
    resolution: {integrity: sha512-WUjGcAqP1gQacoQe+OBJsFA7Ld4DyXuUIjZ5cc75cLHvJ7dtNsTugphxIADwspS+AraAUePCKrSVtPLFj/F88w==}

  picocolors@1.1.1:
    resolution: {integrity: sha512-xceH2snhtb5M9liqDsmEw56le376mTZkEX/jEb/RxNFyegNul7eNslCXP9FDj/Lcu0X8KEyMceP2ntpaHrDEVA==}

  pluralize@8.0.0:
    resolution: {integrity: sha512-Nc3IT5yHzflTfbjgqWcCPpo7DaKy4FnpB0l/zCAW0Tc7jxAiuqSxHasntB3D7887LSrA93kDJ9IXovxJYxyLCA==}
    engines: {node: '>=4'}

  sisteransi@1.0.5:
    resolution: {integrity: sha512-bLGGlR1QxBcynn2d5YmDX4MGjlZvy2MRBDRNHLJ8VI6l6+9FUiyTFNJ0IveOSP0bcXgVDPRcfGqA0pjaqUpfVg==}

  source-map@0.6.1:
    resolution: {integrity: sha512-UjgapumWlbMhkBgzT7Ykc5YXUT46F0iKu8SGXq0bcwP5dz/h0Plj6enJqjz1Zbq2l5WaqYnrVbwWOWMyF3F47g==}
    engines: {node: '>=0.10.0'}

  tinyexec@1.3.0:
    resolution: {integrity: sha512-QKAl9m8gWWGHV8jZcPeym6j+XULi6tOf1mT83WYJ4Lk2ytW/uwAWkrP0uFsdoYMdueVJ0qs26wZ+23xeB4ibNQ==}
    engines: {node: '>=18'}

  turbo@2.10.12:
    resolution: {integrity: sha512-AswgMPnpOoaVZHrrSBejETzEbuIA69OVGwfkHwfrY0A23VjWXBANzgq9+OymWOHAIArB7D1+1z498WY8fGg1Jw==}
    hasBin: true

  typescript@5.9.3:
    resolution: {integrity: sha512-jl1vZzPDinLr9eUt3J/t7V6FgNEw9QjvBPdysz9KfQDD41fQrC2Y4vKQdiaUpFT4bXlb1RHhLpp8wtm6M5TgSw==}
    engines: {node: '>=14.17'}
    hasBin: true

  uglify-js@3.19.3:
    resolution: {integrity: sha512-v3Xu+yuwBXisp6QYTcH4UbH+xYJXqnq2m/LtQVWKWzYc1iehYnLixoQDN9FH6/j9/oybfd6W9Ghwkl8+UMKTKQ==}
    engines: {node: '>=0.8.0'}
    hasBin: true

  undici-types@7.18.2:
    resolution: {integrity: sha512-AsuCzffGHJybSaRrmr5eHr81mwJU3kjw6M+uprWvCXiNeN9SOGwQ3Jn8jb8m3Z6izVgknn1R0FTCEAP2QrLY/w==}

  wordwrap@1.0.0:
    resolution: {integrity: sha512-gvVzJFlPycKc5dZN4yPkP8w7Dc37BtP1yczEneOb4uq34pXZcvrtRTmWV8W+Ume+XCxKgbjM+nevkyFPMybd4Q==}

  yaml@2.9.0:
    resolution: {integrity: sha512-2AvhNX3mb8zd6Zy7INTtSpl1F15HW6Wnqj0srWlkKLcpYl/gMIMJiyuGq2KeI2YFxUPjdlB+3Lc10seMLtL4cA==}
    engines: {node: '>= 14.6'}
    hasBin: true

snapshots:

  '@clack/core@0.5.0':
    dependencies:
      picocolors: 1.1.1
      sisteransi: 1.0.5

  '@clack/prompts@0.11.0':
    dependencies:
      '@clack/core': 0.5.0
      picocolors: 1.1.1
      sisteransi: 1.0.5

  '@turbo/darwin-64@2.10.12':
    optional: true

  '@turbo/darwin-arm64@2.10.12':
    optional: true

  '@turbo/linux-64@2.10.12':
    optional: true

  '@turbo/linux-arm64@2.10.12':
    optional: true

  '@turbo/windows-64@2.10.12':
    optional: true

  '@turbo/windows-arm64@2.10.12':
    optional: true

  '@types/node@24.13.3':
    dependencies:
      undici-types: 7.18.2

  '@types/pluralize@0.0.33': {}

  citty@0.1.6:
    dependencies:
      consola: 3.4.2

  citty@0.2.2: {}

  commander@14.0.3: {}

  consola@3.4.2: {}

  defu@6.1.7: {}

  giget@2.0.0:
    dependencies:
      citty: 0.1.6
      consola: 3.4.2
      defu: 6.1.7
      node-fetch-native: 1.6.7
      nypm: 0.6.9
      pathe: 2.0.3

  handlebars@4.7.9:
    dependencies:
      minimist: 1.2.8
      neo-async: 2.6.2
      source-map: 0.6.1
      wordwrap: 1.0.0
    optionalDependencies:
      uglify-js: 3.19.3

  minimist@1.2.8: {}

  neo-async@2.6.2: {}

  node-fetch-native@1.6.7: {}

  nypm@0.6.9:
    dependencies:
      citty: 0.2.2
      pathe: 2.0.3
      tinyexec: 1.3.0

  pathe@2.0.3: {}

  picocolors@1.1.1: {}

  pluralize@8.0.0: {}

  sisteransi@1.0.5: {}

  source-map@0.6.1: {}

  tinyexec@1.3.0: {}

  turbo@2.10.12:
    optionalDependencies:
      '@turbo/darwin-64': 2.10.12
      '@turbo/darwin-arm64': 2.10.12
      '@turbo/linux-64': 2.10.12
      '@turbo/linux-arm64': 2.10.12
      '@turbo/windows-64': 2.10.12
      '@turbo/windows-arm64': 2.10.12

  typescript@5.9.3: {}

  uglify-js@3.19.3:
    optional: true

  undici-types@7.18.2: {}

  wordwrap@1.0.0: {}

  yaml@2.9.0: {}
